
Microsoft Visual Studio Solution File, Format Version 12.00
# Visual Studio Version 17
VisualStudioVersion = 17.9.34728.123
MinimumVisualStudioVersion = 10.0.40219.1
Project("{FAE04EC0-301F-11D3-BF4B-00C04F79EFBC}") = "JoeBiden", "JoeBiden\JoeBiden.csproj", "{30DF116D-11B1-4C0B-BDB4-5CEA5DDE3620}"
EndProject
Global
	GlobalSection(SolutionConfigurationPlatforms) = preSolution
		Debug|Any CPU = Debug|Any CPU
		Release|Any CPU = Release|Any CPU
	EndGlobalSection
	GlobalSection(ProjectConfigurationPlatforms) = postSolution
		{30DF116D-11B1-4C0B-BDB4-5CEA5DDE3620}.Debug|Any CPU.ActiveCfg = Debug|Any CPU
		{30DF116D-11B1-4C0B-BDB4-5CEA5DDE3620}.Debug|Any CPU.Build.0 = Debug|Any CPU
		{30DF116D-11B1-4C0B-BDB4-5CEA5DDE3620}.Release|Any CPU.ActiveCfg = Release|Any CPU
		{30DF116D-11B1-4C0B-BDB4-5CEA5DDE3620}.Release|Any CPU.Build.0 = Release|Any CPU
	EndGlobalSection
	GlobalSection(SolutionProperties) = preSolution
		HideSolutionNode = FALSE
	EndGlobalSection
	GlobalSection(ExtensibilityGlobals) = postSolution
		SolutionGuid = {A5D27904-11F1-4B2B-A000-933943D4EAD3}
	EndGlobalSection
EndGlobal
